
Microsoft Visual Studio Solution File, Format Version 12.00
# Visual Studio 2013
VisualStudioVersion = 12.0.30723.0
MinimumVisualStudioVersion = 10.0.40219.1
Project("{FAE04EC0-301F-11D3-BF4B-00C04F79EFBC}") = "sdk-test", "sdk-test\sdk-test.csproj", "{B394FDAB-7875-4A91-91F7-32F5830C5ACB}"
EndProject
Project("{FAE04EC0-301F-11D3-BF4B-00C04F79EFBC}") = "sdk_3.5", "sdk\sdk_3.5.csproj", "{77E2BB05-8318-4BA8-9BE4-785217938CF1}"
EndProject
Project("{FAE04EC0-301F-11D3-BF4B-00C04F79EFBC}") = "sdk_4.5", "sdk\sdk_4.5.csproj", "{EBDCE3FB-373E-4991-ACDC-F7C9ADC44E02}"
EndProject
Project("{FAE04EC0-301F-11D3-BF4B-00C04F79EFBC}") = "sdk_4.0", "sdk\sdk_4.0.csproj", "{6BB24D66-A167-4C62-874C-B7127E8DCA1B}"
EndProject
Global
	GlobalSection(SolutionConfigurationPlatforms) = preSolution
		Debug|Any CPU = Debug|Any CPU
		Release|Any CPU = Release|Any CPU
	EndGlobalSection
	GlobalSection(ProjectConfigurationPlatforms) = postSolution
		{B394FDAB-7875-4A91-91F7-32F5830C5ACB}.Debug|Any CPU.ActiveCfg = Debug|Any CPU
		{B394FDAB-7875-4A91-91F7-32F5830C5ACB}.Debug|Any CPU.Build.0 = Debug|Any CPU
		{B394FDAB-7875-4A91-91F7-32F5830C5ACB}.Release|Any CPU.ActiveCfg = Release|Any CPU
		{B394FDAB-7875-4A91-91F7-32F5830C5ACB}.Release|Any CPU.Build.0 = Release|Any CPU
		{77E2BB05-8318-4BA8-9BE4-785217938CF1}.Debug|Any CPU.ActiveCfg = Debug|Any CPU
		{77E2BB05-8318-4BA8-9BE4-785217938CF1}.Debug|Any CPU.Build.0 = Debug|Any CPU
		{77E2BB05-8318-4BA8-9BE4-785217938CF1}.Release|Any CPU.ActiveCfg = Release|Any CPU
		{77E2BB05-8318-4BA8-9BE4-785217938CF1}.Release|Any CPU.Build.0 = Release|Any CPU
		{EBDCE3FB-373E-4991-ACDC-F7C9ADC44E02}.Debug|Any CPU.ActiveCfg = Debug|Any CPU
		{EBDCE3FB-373E-4991-ACDC-F7C9ADC44E02}.Debug|Any CPU.Build.0 = Debug|Any CPU
		{EBDCE3FB-373E-4991-ACDC-F7C9ADC44E02}.Release|Any CPU.ActiveCfg = Release|Any CPU
		{EBDCE3FB-373E-4991-ACDC-F7C9ADC44E02}.Release|Any CPU.Build.0 = Release|Any CPU
		{6BB24D66-A167-4C62-874C-B7127E8DCA1B}.Debug|Any CPU.ActiveCfg = Debug|Any CPU
		{6BB24D66-A167-4C62-874C-B7127E8DCA1B}.Debug|Any CPU.Build.0 = Debug|Any CPU
		{6BB24D66-A167-4C62-874C-B7127E8DCA1B}.Release|Any CPU.ActiveCfg = Release|Any CPU
		{6BB24D66-A167-4C62-874C-B7127E8DCA1B}.Release|Any CPU.Build.0 = Release|Any CPU
	EndGlobalSection
	GlobalSection(SolutionProperties) = preSolution
		HideSolutionNode = FALSE
	EndGlobalSection
EndGlobal
